
Microsoft Visual Studio Solution File, Format Version 12.00
# Visual Studio Version 16
VisualStudioVersion = 16.0.30907.101
MinimumVisualStudioVersion = 10.0.40219.1
Project("{2150E333-8FDC-42A3-9474-1A3956D46DE8}") = "src", "src", "{CB53EC14-83B1-4C68-AD8E-5E5CD185AF92}"
EndProject
Project("{2150E333-8FDC-42A3-9474-1A3956D46DE8}") = "test", "test", "{DAAEB42B-ADED-4128-A87B-94F97524F09A}"
EndProject
Project("{2150E333-8FDC-42A3-9474-1A3956D46DE8}") = "doc", "doc", "{A8331744-E41E-4B32-989C-034382474613}"
	ProjectSection(SolutionItems) = preProject
		doc\Pokedex-API Specification.pdf = doc\Pokedex-API Specification.pdf
		doc\Pokedex-Installation and Deployment.pdf = doc\Pokedex-Installation and Deployment.pdf
		doc\Pokedex-Master Test Plan.pdf = doc\Pokedex-Master Test Plan.pdf
		doc\Pokedex-Release Note.pdf = doc\Pokedex-Release Note.pdf
		doc\Pokedex-System Design.pdf = doc\Pokedex-System Design.pdf
	EndProjectSection
EndProject
Project("{2150E333-8FDC-42A3-9474-1A3956D46DE8}") = "domain", "domain", "{4E0211C6-EE5F-4B34-8B53-D0BC35E86FD4}"
EndProject
Project("{2150E333-8FDC-42A3-9474-1A3956D46DE8}") = "infrastructure", "infrastructure", "{5F13BFC5-5968-41F7-95AD-4235D4A7843C}"
EndProject
Project("{2150E333-8FDC-42A3-9474-1A3956D46DE8}") = "common", "common", "{F71F66B1-3ACA-4B87-BA1F-238F7FF5484D}"
EndProject
Project("{2150E333-8FDC-42A3-9474-1A3956D46DE8}") = "core", "core", "{161F3436-1E4A-406C-A711-D9D418BA6A0C}"
EndProject
Project("{2150E333-8FDC-42A3-9474-1A3956D46DE8}") = "security", "security", "{4A9294BA-F211-40D6-BD75-4385508FC193}"
EndProject
Project("{9A19103F-16F7-4668-BE54-9A1E7A4F7556}") = "Pokedex.Api", "src\domain\core\Pokedex.Api\Pokedex.Api.csproj", "{91FDFC9D-5568-4767-9A29-A24C3C1E3152}"
EndProject
Project("{2150E333-8FDC-42A3-9474-1A3956D46DE8}") = "unit", "unit", "{8C56596A-A41C-4DE6-85A2-DAC54BB89C79}"
EndProject
Project("{2150E333-8FDC-42A3-9474-1A3956D46DE8}") = "common", "common", "{DB7D550C-4DB1-42D5-919D-DFD6DEC8748E}"
EndProject
Project("{9A19103F-16F7-4668-BE54-9A1E7A4F7556}") = "Pokedex.Test.Resolver", "test\common\Pokedex.Test.Resolver\Pokedex.Test.Resolver.csproj", "{003053F7-554C-4CEE-8443-89446B3019F1}"
EndProject
Project("{9A19103F-16F7-4668-BE54-9A1E7A4F7556}") = "Pokedex.Test.Unit", "test\unit\Pokedex.Test.Unit\Pokedex.Test.Unit.csproj", "{49491030-B528-45C9-8016-A8D6E609137E}"
EndProject
Project("{9A19103F-16F7-4668-BE54-9A1E7A4F7556}") = "Pokedex.Common", "src\domain\common\Pokedex.Common\Pokedex.Common.csproj", "{CCF96379-3F30-4555-BAF2-CD0EE9CB3DD3}"
EndProject
Project("{9A19103F-16F7-4668-BE54-9A1E7A4F7556}") = "Pokedex.Security", "src\domain\security\Pokedex.Security\Pokedex.Security.csproj", "{06EF7ABA-D486-4E8A-8BAD-13EF1A22990C}"
EndProject
Project("{9A19103F-16F7-4668-BE54-9A1E7A4F7556}") = "Pokedex.Infrastructure", "src\infrastructure\Pokedex.Infrastructure\Pokedex.Infrastructure.csproj", "{B40C2282-5FCC-4250-845F-AA083A4936D3}"
EndProject
Project("{9A19103F-16F7-4668-BE54-9A1E7A4F7556}") = "Pokedex.DataObjects", "src\domain\common\Pokedex.DataObjects\Pokedex.DataObjects.csproj", "{9539FC4B-1488-42CD-A74D-C91AFA700683}"
EndProject
Project("{9A19103F-16F7-4668-BE54-9A1E7A4F7556}") = "Pokedex.Validator", "src\domain\common\Pokedex.Validator\Pokedex.Validator.csproj", "{ADD9A6EC-4E1D-49A0-AD35-79213C1BD81A}"
EndProject
Project("{9A19103F-16F7-4668-BE54-9A1E7A4F7556}") = "Pokedex.Domain", "src\domain\core\Pokedex.Domain\Pokedex.Domain.csproj", "{EBEE6B84-0FF7-4FCA-83DD-95F0B66F427B}"
EndProject
Project("{9A19103F-16F7-4668-BE54-9A1E7A4F7556}") = "Pokedex.Entities", "src\domain\core\Pokedex.Entities\Pokedex.Entities.csproj", "{6CAB27AD-84BB-4F21-8A20-2E945BDAAFAC}"
EndProject
Project("{2150E333-8FDC-42A3-9474-1A3956D46DE8}") = "External", "External", "{CBC843D0-BD84-4EA2-8CF4-2757B2B5276B}"
EndProject
Project("{9A19103F-16F7-4668-BE54-9A1E7A4F7556}") = "Pokedex.External.Interface", "src\domain\External\Pokedex.External.Interface\Pokedex.External.Interface.csproj", "{3ABEC140-C0C4-42A8-B734-CE222C868F24}"
EndProject
Global
	GlobalSection(SolutionConfigurationPlatforms) = preSolution
		Debug|Any CPU = Debug|Any CPU
		Release|Any CPU = Release|Any CPU
	EndGlobalSection
	GlobalSection(ProjectConfigurationPlatforms) = postSolution
		{91FDFC9D-5568-4767-9A29-A24C3C1E3152}.Debug|Any CPU.ActiveCfg = Debug|Any CPU
		{91FDFC9D-5568-4767-9A29-A24C3C1E3152}.Debug|Any CPU.Build.0 = Debug|Any CPU
		{91FDFC9D-5568-4767-9A29-A24C3C1E3152}.Release|Any CPU.ActiveCfg = Release|Any CPU
		{91FDFC9D-5568-4767-9A29-A24C3C1E3152}.Release|Any CPU.Build.0 = Release|Any CPU
		{003053F7-554C-4CEE-8443-89446B3019F1}.Debug|Any CPU.ActiveCfg = Debug|Any CPU
		{003053F7-554C-4CEE-8443-89446B3019F1}.Debug|Any CPU.Build.0 = Debug|Any CPU
		{003053F7-554C-4CEE-8443-89446B3019F1}.Release|Any CPU.ActiveCfg = Release|Any CPU
		{003053F7-554C-4CEE-8443-89446B3019F1}.Release|Any CPU.Build.0 = Release|Any CPU
		{49491030-B528-45C9-8016-A8D6E609137E}.Debug|Any CPU.ActiveCfg = Debug|Any CPU
		{49491030-B528-45C9-8016-A8D6E609137E}.Debug|Any CPU.Build.0 = Debug|Any CPU
		{49491030-B528-45C9-8016-A8D6E609137E}.Release|Any CPU.ActiveCfg = Release|Any CPU
		{49491030-B528-45C9-8016-A8D6E609137E}.Release|Any CPU.Build.0 = Release|Any CPU
		{CCF96379-3F30-4555-BAF2-CD0EE9CB3DD3}.Debug|Any CPU.ActiveCfg = Debug|Any CPU
		{CCF96379-3F30-4555-BAF2-CD0EE9CB3DD3}.Debug|Any CPU.Build.0 = Debug|Any CPU
		{CCF96379-3F30-4555-BAF2-CD0EE9CB3DD3}.Release|Any CPU.ActiveCfg = Release|Any CPU
		{CCF96379-3F30-4555-BAF2-CD0EE9CB3DD3}.Release|Any CPU.Build.0 = Release|Any CPU
		{06EF7ABA-D486-4E8A-8BAD-13EF1A22990C}.Debug|Any CPU.ActiveCfg = Debug|Any CPU
		{06EF7ABA-D486-4E8A-8BAD-13EF1A22990C}.Debug|Any CPU.Build.0 = Debug|Any CPU
		{06EF7ABA-D486-4E8A-8BAD-13EF1A22990C}.Release|Any CPU.ActiveCfg = Release|Any CPU
		{06EF7ABA-D486-4E8A-8BAD-13EF1A22990C}.Release|Any CPU.Build.0 = Release|Any CPU
		{B40C2282-5FCC-4250-845F-AA083A4936D3}.Debug|Any CPU.ActiveCfg = Debug|Any CPU
		{B40C2282-5FCC-4250-845F-AA083A4936D3}.Debug|Any CPU.Build.0 = Debug|Any CPU
		{B40C2282-5FCC-4250-845F-AA083A4936D3}.Release|Any CPU.ActiveCfg = Release|Any CPU
		{B40C2282-5FCC-4250-845F-AA083A4936D3}.Release|Any CPU.Build.0 = Release|Any CPU
		{9539FC4B-1488-42CD-A74D-C91AFA700683}.Debug|Any CPU.ActiveCfg = Debug|Any CPU
		{9539FC4B-1488-42CD-A74D-C91AFA700683}.Debug|Any CPU.Build.0 = Debug|Any CPU
		{9539FC4B-1488-42CD-A74D-C91AFA700683}.Release|Any CPU.ActiveCfg = Release|Any CPU
		{9539FC4B-1488-42CD-A74D-C91AFA700683}.Release|Any CPU.Build.0 = Release|Any CPU
		{ADD9A6EC-4E1D-49A0-AD35-79213C1BD81A}.Debug|Any CPU.ActiveCfg = Debug|Any CPU
		{ADD9A6EC-4E1D-49A0-AD35-79213C1BD81A}.Debug|Any CPU.Build.0 = Debug|Any CPU
		{ADD9A6EC-4E1D-49A0-AD35-79213C1BD81A}.Release|Any CPU.ActiveCfg = Release|Any CPU
		{ADD9A6EC-4E1D-49A0-AD35-79213C1BD81A}.Release|Any CPU.Build.0 = Release|Any CPU
		{EBEE6B84-0FF7-4FCA-83DD-95F0B66F427B}.Debug|Any CPU.ActiveCfg = Debug|Any CPU
		{EBEE6B84-0FF7-4FCA-83DD-95F0B66F427B}.Debug|Any CPU.Build.0 = Debug|Any CPU
		{EBEE6B84-0FF7-4FCA-83DD-95F0B66F427B}.Release|Any CPU.ActiveCfg = Release|Any CPU
		{EBEE6B84-0FF7-4FCA-83DD-95F0B66F427B}.Release|Any CPU.Build.0 = Release|Any CPU
		{6CAB27AD-84BB-4F21-8A20-2E945BDAAFAC}.Debug|Any CPU.ActiveCfg = Debug|Any CPU
		{6CAB27AD-84BB-4F21-8A20-2E945BDAAFAC}.Debug|Any CPU.Build.0 = Debug|Any CPU
		{6CAB27AD-84BB-4F21-8A20-2E945BDAAFAC}.Release|Any CPU.ActiveCfg = Release|Any CPU
		{6CAB27AD-84BB-4F21-8A20-2E945BDAAFAC}.Release|Any CPU.Build.0 = Release|Any CPU
		{3ABEC140-C0C4-42A8-B734-CE222C868F24}.Debug|Any CPU.ActiveCfg = Debug|Any CPU
		{3ABEC140-C0C4-42A8-B734-CE222C868F24}.Debug|Any CPU.Build.0 = Debug|Any CPU
		{3ABEC140-C0C4-42A8-B734-CE222C868F24}.Release|Any CPU.ActiveCfg = Release|Any CPU
		{3ABEC140-C0C4-42A8-B734-CE222C868F24}.Release|Any CPU.Build.0 = Release|Any CPU
	EndGlobalSection
	GlobalSection(SolutionProperties) = preSolution
		HideSolutionNode = FALSE
	EndGlobalSection
	GlobalSection(NestedProjects) = preSolution
		{4E0211C6-EE5F-4B34-8B53-D0BC35E86FD4} = {CB53EC14-83B1-4C68-AD8E-5E5CD185AF92}
		{5F13BFC5-5968-41F7-95AD-4235D4A7843C} = {CB53EC14-83B1-4C68-AD8E-5E5CD185AF92}
		{F71F66B1-3ACA-4B87-BA1F-238F7FF5484D} = {4E0211C6-EE5F-4B34-8B53-D0BC35E86FD4}
		{161F3436-1E4A-406C-A711-D9D418BA6A0C} = {4E0211C6-EE5F-4B34-8B53-D0BC35E86FD4}
		{4A9294BA-F211-40D6-BD75-4385508FC193} = {4E0211C6-EE5F-4B34-8B53-D0BC35E86FD4}
		{91FDFC9D-5568-4767-9A29-A24C3C1E3152} = {161F3436-1E4A-406C-A711-D9D418BA6A0C}
		{8C56596A-A41C-4DE6-85A2-DAC54BB89C79} = {DAAEB42B-ADED-4128-A87B-94F97524F09A}
		{DB7D550C-4DB1-42D5-919D-DFD6DEC8748E} = {DAAEB42B-ADED-4128-A87B-94F97524F09A}
		{003053F7-554C-4CEE-8443-89446B3019F1} = {DB7D550C-4DB1-42D5-919D-DFD6DEC8748E}
		{49491030-B528-45C9-8016-A8D6E609137E} = {8C56596A-A41C-4DE6-85A2-DAC54BB89C79}
		{CCF96379-3F30-4555-BAF2-CD0EE9CB3DD3} = {F71F66B1-3ACA-4B87-BA1F-238F7FF5484D}
		{06EF7ABA-D486-4E8A-8BAD-13EF1A22990C} = {4A9294BA-F211-40D6-BD75-4385508FC193}
		{B40C2282-5FCC-4250-845F-AA083A4936D3} = {5F13BFC5-5968-41F7-95AD-4235D4A7843C}
		{9539FC4B-1488-42CD-A74D-C91AFA700683} = {F71F66B1-3ACA-4B87-BA1F-238F7FF5484D}
		{ADD9A6EC-4E1D-49A0-AD35-79213C1BD81A} = {F71F66B1-3ACA-4B87-BA1F-238F7FF5484D}
		{EBEE6B84-0FF7-4FCA-83DD-95F0B66F427B} = {161F3436-1E4A-406C-A711-D9D418BA6A0C}
		{6CAB27AD-84BB-4F21-8A20-2E945BDAAFAC} = {161F3436-1E4A-406C-A711-D9D418BA6A0C}
		{CBC843D0-BD84-4EA2-8CF4-2757B2B5276B} = {4E0211C6-EE5F-4B34-8B53-D0BC35E86FD4}
		{3ABEC140-C0C4-42A8-B734-CE222C868F24} = {CBC843D0-BD84-4EA2-8CF4-2757B2B5276B}
	EndGlobalSection
	GlobalSection(ExtensibilityGlobals) = postSolution
		SolutionGuid = {363174F6-D368-4DDD-B73A-64DD988D34E9}
	EndGlobalSection
EndGlobal
